
Microsoft Visual Studio Solution File, Format Version 12.00
# Visual Studio Version 17
VisualStudioVersion = 17.2.32602.215
MinimumVisualStudioVersion = 10.0.40219.1
Project("{FAE04EC0-301F-11D3-BF4B-00C04F79EFBC}") = "Filmstudion", "Filmstudion.csproj", "{2097C1B7-89FF-41E7-AB81-A6FCCE597E9B}"
EndProject
Global
	GlobalSection(SolutionConfigurationPlatforms) = preSolution
		Debug|Any CPU = Debug|Any CPU
		Release|Any CPU = Release|Any CPU
	EndGlobalSection
	GlobalSection(ProjectConfigurationPlatforms) = postSolution
		{2097C1B7-89FF-41E7-AB81-A6FCCE597E9B}.Debug|Any CPU.ActiveCfg = Debug|Any CPU
		{2097C1B7-89FF-41E7-AB81-A6FCCE597E9B}.Debug|Any CPU.Build.0 = Debug|Any CPU
		{2097C1B7-89FF-41E7-AB81-A6FCCE597E9B}.Release|Any CPU.ActiveCfg = Release|Any CPU
		{2097C1B7-89FF-41E7-AB81-A6FCCE597E9B}.Release|Any CPU.Build.0 = Release|Any CPU
	EndGlobalSection
	GlobalSection(SolutionProperties) = preSolution
		HideSolutionNode = FALSE
	EndGlobalSection
	GlobalSection(ExtensibilityGlobals) = postSolution
		SolutionGuid = {709A056E-6A92-41E3-928B-73094EBE83D3}
	EndGlobalSection
EndGlobal
